
Microsoft Visual Studio Solution File, Format Version 12.00
# Visual Studio Version 17
VisualStudioVersion = 17.3.32922.545
MinimumVisualStudioVersion = 10.0.40219.1
Project("{2150E333-8FDC-42A3-9474-1A3956D46DE8}") = "src", "src", "{45025592-9957-494C-9CFE-37D2F7C7A7EA}"
EndProject
Project("{2150E333-8FDC-42A3-9474-1A3956D46DE8}") = "tests", "tests", "{4070E32D-356F-4930-82AB-113C24EB1BD3}"
EndProject
Project("{9A19103F-16F7-4668-BE54-9A1E7A4F7556}") = "FunctionalTools", "src\FunctionalTools\FunctionalTools.csproj", "{FD4C5C99-C6E7-4C8A-ADBD-882B2079CE26}"
EndProject
Project("{9A19103F-16F7-4668-BE54-9A1E7A4F7556}") = "QuestionService.Application", "src\QuestionService.Application\QuestionService.Application.csproj", "{26D5058B-6B21-461E-A91D-FA24E38A64B8}"
EndProject
Project("{9A19103F-16F7-4668-BE54-9A1E7A4F7556}") = "QuestionService.Domain", "src\QuestionService.Domain\QuestionService.Domain.csproj", "{7C59014F-AB38-4741-BF18-CEB167F62E00}"
EndProject
Project("{9A19103F-16F7-4668-BE54-9A1E7A4F7556}") = "QuestionService.Repository", "src\QuestionService.Repository\QuestionService.Repository.csproj", "{6CAA036A-5A90-4F17-B2B7-1919DDF374CF}"
EndProject
Project("{9A19103F-16F7-4668-BE54-9A1E7A4F7556}") = "QuestionService", "src\QuestionService\QuestionService.csproj", "{AF4A0150-61A6-4B0B-844B-E0770281B440}"
EndProject
Project("{9A19103F-16F7-4668-BE54-9A1E7A4F7556}") = "QuestionService.Repository.Tests", "QuestionService.Repository.Tests\QuestionService.Repository.Tests.csproj", "{5A6D8D56-9E12-4FAF-9F83-024A007A9953}"
EndProject
Project("{9A19103F-16F7-4668-BE54-9A1E7A4F7556}") = "QuestionService.Tests", "QuestionService.Tests\QuestionService.Tests.csproj", "{B70B4927-7696-431A-8611-553E700A8B80}"
EndProject
Project("{9A19103F-16F7-4668-BE54-9A1E7A4F7556}") = "QuestionService.Application.Test", "QuestionService.Application.Test\QuestionService.Application.Test.csproj", "{0DBEFCBC-05B4-4B1A-A367-2027EEE9905F}"
EndProject
Project("{FAE04EC0-301F-11D3-BF4B-00C04F79EFBC}") = "QuestionService.Contracts", "QuestionService.Contracts\QuestionService.Contracts.csproj", "{AB85C7D5-1EE0-425D-A36B-EB9218BB6EEE}"
EndProject
Global
	GlobalSection(SolutionConfigurationPlatforms) = preSolution
		Debug|Any CPU = Debug|Any CPU
		Release|Any CPU = Release|Any CPU
	EndGlobalSection
	GlobalSection(ProjectConfigurationPlatforms) = postSolution
		{FD4C5C99-C6E7-4C8A-ADBD-882B2079CE26}.Debug|Any CPU.ActiveCfg = Debug|Any CPU
		{FD4C5C99-C6E7-4C8A-ADBD-882B2079CE26}.Debug|Any CPU.Build.0 = Debug|Any CPU
		{FD4C5C99-C6E7-4C8A-ADBD-882B2079CE26}.Release|Any CPU.ActiveCfg = Release|Any CPU
		{FD4C5C99-C6E7-4C8A-ADBD-882B2079CE26}.Release|Any CPU.Build.0 = Release|Any CPU
		{26D5058B-6B21-461E-A91D-FA24E38A64B8}.Debug|Any CPU.ActiveCfg = Debug|Any CPU
		{26D5058B-6B21-461E-A91D-FA24E38A64B8}.Debug|Any CPU.Build.0 = Debug|Any CPU
		{26D5058B-6B21-461E-A91D-FA24E38A64B8}.Release|Any CPU.ActiveCfg = Release|Any CPU
		{26D5058B-6B21-461E-A91D-FA24E38A64B8}.Release|Any CPU.Build.0 = Release|Any CPU
		{7C59014F-AB38-4741-BF18-CEB167F62E00}.Debug|Any CPU.ActiveCfg = Debug|Any CPU
		{7C59014F-AB38-4741-BF18-CEB167F62E00}.Debug|Any CPU.Build.0 = Debug|Any CPU
		{7C59014F-AB38-4741-BF18-CEB167F62E00}.Release|Any CPU.ActiveCfg = Release|Any CPU
		{7C59014F-AB38-4741-BF18-CEB167F62E00}.Release|Any CPU.Build.0 = Release|Any CPU
		{6CAA036A-5A90-4F17-B2B7-1919DDF374CF}.Debug|Any CPU.ActiveCfg = Debug|Any CPU
		{6CAA036A-5A90-4F17-B2B7-1919DDF374CF}.Debug|Any CPU.Build.0 = Debug|Any CPU
		{6CAA036A-5A90-4F17-B2B7-1919DDF374CF}.Release|Any CPU.ActiveCfg = Release|Any CPU
		{6CAA036A-5A90-4F17-B2B7-1919DDF374CF}.Release|Any CPU.Build.0 = Release|Any CPU
		{AF4A0150-61A6-4B0B-844B-E0770281B440}.Debug|Any CPU.ActiveCfg = Debug|Any CPU
		{AF4A0150-61A6-4B0B-844B-E0770281B440}.Debug|Any CPU.Build.0 = Debug|Any CPU
		{AF4A0150-61A6-4B0B-844B-E0770281B440}.Release|Any CPU.ActiveCfg = Release|Any CPU
		{AF4A0150-61A6-4B0B-844B-E0770281B440}.Release|Any CPU.Build.0 = Release|Any CPU
		{5A6D8D56-9E12-4FAF-9F83-024A007A9953}.Debug|Any CPU.ActiveCfg = Debug|Any CPU
		{5A6D8D56-9E12-4FAF-9F83-024A007A9953}.Debug|Any CPU.Build.0 = Debug|Any CPU
		{5A6D8D56-9E12-4FAF-9F83-024A007A9953}.Release|Any CPU.ActiveCfg = Release|Any CPU
		{5A6D8D56-9E12-4FAF-9F83-024A007A9953}.Release|Any CPU.Build.0 = Release|Any CPU
		{B70B4927-7696-431A-8611-553E700A8B80}.Debug|Any CPU.ActiveCfg = Debug|Any CPU
		{B70B4927-7696-431A-8611-553E700A8B80}.Debug|Any CPU.Build.0 = Debug|Any CPU
		{B70B4927-7696-431A-8611-553E700A8B80}.Release|Any CPU.ActiveCfg = Release|Any CPU
		{B70B4927-7696-431A-8611-553E700A8B80}.Release|Any CPU.Build.0 = Release|Any CPU
		{0DBEFCBC-05B4-4B1A-A367-2027EEE9905F}.Debug|Any CPU.ActiveCfg = Debug|Any CPU
		{0DBEFCBC-05B4-4B1A-A367-2027EEE9905F}.Debug|Any CPU.Build.0 = Debug|Any CPU
		{0DBEFCBC-05B4-4B1A-A367-2027EEE9905F}.Release|Any CPU.ActiveCfg = Release|Any CPU
		{0DBEFCBC-05B4-4B1A-A367-2027EEE9905F}.Release|Any CPU.Build.0 = Release|Any CPU
		{AB85C7D5-1EE0-425D-A36B-EB9218BB6EEE}.Debug|Any CPU.ActiveCfg = Debug|Any CPU
		{AB85C7D5-1EE0-425D-A36B-EB9218BB6EEE}.Debug|Any CPU.Build.0 = Debug|Any CPU
		{AB85C7D5-1EE0-425D-A36B-EB9218BB6EEE}.Release|Any CPU.ActiveCfg = Release|Any CPU
		{AB85C7D5-1EE0-425D-A36B-EB9218BB6EEE}.Release|Any CPU.Build.0 = Release|Any CPU
	EndGlobalSection
	GlobalSection(SolutionProperties) = preSolution
		HideSolutionNode = FALSE
	EndGlobalSection
	GlobalSection(NestedProjects) = preSolution
		{FD4C5C99-C6E7-4C8A-ADBD-882B2079CE26} = {45025592-9957-494C-9CFE-37D2F7C7A7EA}
		{26D5058B-6B21-461E-A91D-FA24E38A64B8} = {45025592-9957-494C-9CFE-37D2F7C7A7EA}
		{7C59014F-AB38-4741-BF18-CEB167F62E00} = {45025592-9957-494C-9CFE-37D2F7C7A7EA}
		{6CAA036A-5A90-4F17-B2B7-1919DDF374CF} = {45025592-9957-494C-9CFE-37D2F7C7A7EA}
		{AF4A0150-61A6-4B0B-844B-E0770281B440} = {45025592-9957-494C-9CFE-37D2F7C7A7EA}
		{5A6D8D56-9E12-4FAF-9F83-024A007A9953} = {4070E32D-356F-4930-82AB-113C24EB1BD3}
		{B70B4927-7696-431A-8611-553E700A8B80} = {4070E32D-356F-4930-82AB-113C24EB1BD3}
		{0DBEFCBC-05B4-4B1A-A367-2027EEE9905F} = {4070E32D-356F-4930-82AB-113C24EB1BD3}
		{AB85C7D5-1EE0-425D-A36B-EB9218BB6EEE} = {45025592-9957-494C-9CFE-37D2F7C7A7EA}
	EndGlobalSection
	GlobalSection(ExtensibilityGlobals) = postSolution
		SolutionGuid = {4E6B640F-C192-4453-A50F-90F46C671A04}
	EndGlobalSection
EndGlobal
